// !$*UTF8*$!
{
	archiveVersion = 1;
	classes = {
	};
	objectVersion = 56;
	objects = {

/* Begin PBXBuildFile section */
		697553DD2A3EF2A90025BD94 /* AppDelegate.swift in Sources */ = {isa = PBXBuildFile; fileRef = 697553DC2A3EF2A90025BD94 /* AppDelegate.swift */; };
		697553DF2A3EF2A90025BD94 /* SceneDelegate.swift in Sources */ = {isa = PBXBuildFile; fileRef = 697553DE2A3EF2A90025BD94 /* SceneDelegate.swift */; };
		697553E12A3EF2A90025BD94 /* ViewController.swift in Sources */ = {isa = PBXBuildFile; fileRef = 697553E02A3EF2A90025BD94 /* ViewController.swift */; };
		697553E42A3EF2A90025BD94 /* Main.storyboard in Resources */ = {isa = PBXBuildFile; fileRef = 697553E22A3EF2A90025BD94 /* Main.storyboard */; };
		697553E62A3EF2A90025BD94 /* Assets.xcassets in Resources */ = {isa = PBXBuildFile; fileRef = 697553E52A3EF2A90025BD94 /* Assets.xcassets */; };
		697553E92A3EF2A90025BD94 /* LaunchScreen.storyboard in Resources */ = {isa = PBXBuildFile; fileRef = 697553E72A3EF2A90025BD94 /* LaunchScreen.storyboard */; };
		697553F42A3EF2A90025BD94 /* Kadai13_UIKitTests.swift in Sources */ = {isa = PBXBuildFile; fileRef = 697553F32A3EF2A90025BD94 /* Kadai13_UIKitTests.swift */; };
		697553FE2A3EF2A90025BD94 /* Kadai13_UIKitUITests.swift in Sources */ = {isa = PBXBuildFile; fileRef = 697553FD2A3EF2A90025BD94 /* Kadai13_UIKitUITests.swift */; };
		697554002A3EF2A90025BD94 /* Kadai13_UIKitUITestsLaunchTests.swift in Sources */ = {isa = PBXBuildFile; fileRef = 697553FF2A3EF2A90025BD94 /* Kadai13_UIKitUITestsLaunchTests.swift */; };
		6975540E2A3EF5B80025BD94 /* ListTableViewCell.swift in Sources */ = {isa = PBXBuildFile; fileRef = 6975540C2A3EF5B80025BD94 /* ListTableViewCell.swift */; };
		6975540F2A3EF5B80025BD94 /* ListTableViewCell.xib in Resources */ = {isa = PBXBuildFile; fileRef = 6975540D2A3EF5B80025BD94 /* ListTableViewCell.xib */; };
		697554112A3EF7C10025BD94 /* Model.swift in Sources */ = {isa = PBXBuildFile; fileRef = 697554102A3EF7C10025BD94 /* Model.swift */; };
		697554132A3EF7F30025BD94 /* ViewModel.swift in Sources */ = {isa = PBXBuildFile; fileRef = 697554122A3EF7F30025BD94 /* ViewModel.swift */; };
/* End PBXBuildFile section */

/* Begin PBXContainerItemProxy section */
		697553F02A3EF2A90025BD94 /* PBXContainerItemProxy */ = {
			isa = PBXContainerItemProxy;
			containerPortal = 697553D12A3EF2A90025BD94 /* Project object */;
			proxyType = 1;
			remoteGlobalIDString = 697553D82A3EF2A90025BD94;
			remoteInfo = "Kadai13-UIKit";
		};
		697553FA2A3EF2A90025BD94 /* PBXContainerItemProxy */ = {
			isa = PBXContainerItemProxy;
			containerPortal = 697553D12A3EF2A90025BD94 /* Project object */;
			proxyType = 1;
			remoteGlobalIDString = 697553D82A3EF2A90025BD94;
			remoteInfo = "Kadai13-UIKit";
		};
/* End PBXContainerItemProxy section */

/* Begin PBXFileReference section */
		697553D92A3EF2A90025BD94 /* Kadai13-UIKit.app */ = {isa = PBXFileReference; explicitFileType = wrapper.application; includeInIndex = 0; path = "Kadai13-UIKit.app"; sourceTree = BUILT_PRODUCTS_DIR; };
		697553DC2A3EF2A90025BD94 /* AppDelegate.swift */ = {isa = PBXFileReference; lastKnownFileType = sourcecode.swift; path = AppDelegate.swift; sourceTree = "<group>"; };
		697553DE2A3EF2A90025BD94 /* SceneDelegate.swift */ = {isa = PBXFileReference; lastKnownFileType = sourcecode.swift; path = SceneDelegate.swift; sourceTree = "<group>"; };
		697553E02A3EF2A90025BD94 /* ViewController.swift */ = {isa = PBXFileReference; lastKnownFileType = sourcecode.swift; path = ViewController.swift; sourceTree = "<group>"; };
		697553E32A3EF2A90025BD94 /* Base */ = {isa = PBXFileReference; lastKnownFileType = file.storyboard; name = Base; path = Base.lproj/Main.storyboard; sourceTree = "<group>"; };
		697553E52A3EF2A90025BD94 /* Assets.xcassets */ = {isa = PBXFileReference; lastKnownFileType = folder.assetcatalog; path = Assets.xcassets; sourceTree = "<group>"; };
		697553E82A3EF2A90025BD94 /* Base */ = {isa = PBXFileReference; lastKnownFileType = file.storyboard; name = Base; path = Base.lproj/LaunchScreen.storyboard; sourceTree = "<group>"; };
		697553EA2A3EF2A90025BD94 /* Info.plist */ = {isa = PBXFileReference; lastKnownFileType = text.plist.xml; path = Info.plist; sourceTree = "<group>"; };
		697553EF2A3EF2A90025BD94 /* Kadai13-UIKitTests.xctest */ = {isa = PBXFileReference; explicitFileType = wrapper.cfbundle; includeInIndex = 0; path = "Kadai13-UIKitTests.xctest"; sourceTree = BUILT_PRODUCTS_DIR; };
		697553F32A3EF2A90025BD94 /* Kadai13_UIKitTests.swift */ = {isa = PBXFileReference; lastKnownFileType = sourcecode.swift; path = Kadai13_UIKitTests.swift; sourceTree = "<group>"; };
		697553F92A3EF2A90025BD94 /* Kadai13-UIKitUITests.xctest */ = {isa = PBXFileReference; explicitFileType = wrapper.cfbundle; includeInIndex = 0; path = "Kadai13-UIKitUITests.xctest"; sourceTree = BUILT_PRODUCTS_DIR; };
		697553FD2A3EF2A90025BD94 /* Kadai13_UIKitUITests.swift */ = {isa = PBXFileReference; lastKnownFileType = sourcecode.swift; path = Kadai13_UIKitUITests.swift; sourceTree = "<group>"; };
		697553FF2A3EF2A90025BD94 /* Kadai13_UIKitUITestsLaunchTests.swift */ = {isa = PBXFileReference; lastKnownFileType = sourcecode.swift; path = Kadai13_UIKitUITestsLaunchTests.swift; sourceTree = "<group>"; };
		6975540C2A3EF5B80025BD94 /* ListTableViewCell.swift */ = {isa = PBXFileReference; lastKnownFileType = sourcecode.swift; path = ListTableViewCell.swift; sourceTree = "<group>"; };
		6975540D2A3EF5B80025BD94 /* ListTableViewCell.xib */ = {isa = PBXFileReference; lastKnownFileType = file.xib; path = ListTableViewCell.xib; sourceTree = "<group>"; };
		697554102A3EF7C10025BD94 /* Model.swift */ = {isa = PBXFileReference; lastKnownFileType = sourcecode.swift; path = Model.swift; sourceTree = "<group>"; };
		697554122A3EF7F30025BD94 /* ViewModel.swift */ = {isa = PBXFileReference; lastKnownFileType = sourcecode.swift; path = ViewModel.swift; sourceTree = "<group>"; };
/* End PBXFileReference section */

/* Begin PBXFrameworksBuildPhase section */
		697553D62A3EF2A90025BD94 /* Frameworks */ = {
			isa = PBXFrameworksBuildPhase;
			buildActionMask = 2147483647;
			files = (
			);
			runOnlyForDeploymentPostprocessing = 0;
		};
		697553EC2A3EF2A90025BD94 /* Frameworks */ = {
			isa = PBXFrameworksBuildPhase;
			buildActionMask = 2147483647;
			files = (
			);
			runOnlyForDeploymentPostprocessing = 0;
		};
		697553F62A3EF2A90025BD94 /* Frameworks */ = {
			isa = PBXFrameworksBuildPhase;
			buildActionMask = 2147483647;
			files = (
			);
			runOnlyForDeploymentPostprocessing = 0;
		};
/* End PBXFrameworksBuildPhase section */

/* Begin PBXGroup section */
		697553D02A3EF2A90025BD94 = {
			isa = PBXGroup;
			children = (
				697553DB2A3EF2A90025BD94 /* Kadai13-UIKit */,
				697553F22A3EF2A90025BD94 /* Kadai13-UIKitTests */,
				697553FC2A3EF2A90025BD94 /* Kadai13-UIKitUITests */,
				697553DA2A3EF2A90025BD94 /* Products */,
			);
			sourceTree = "<group>";
		};
		697553DA2A3EF2A90025BD94 /* Products */ = {
			isa = PBXGroup;
			children = (
				697553D92A3EF2A90025BD94 /* Kadai13-UIKit.app */,
				697553EF2A3EF2A90025BD94 /* Kadai13-UIKitTests.xctest */,
				697553F92A3EF2A90025BD94 /* Kadai13-UIKitUITests.xctest */,
			);
			name = Products;
			sourceTree = "<group>";
		};
		697553DB2A3EF2A90025BD94 /* Kadai13-UIKit */ = {
			isa = PBXGroup;
			children = (
				697553DC2A3EF2A90025BD94 /* AppDelegate.swift */,
				697553DE2A3EF2A90025BD94 /* SceneDelegate.swift */,
				697553E02A3EF2A90025BD94 /* ViewController.swift */,
				697554122A3EF7F30025BD94 /* ViewModel.swift */,
				697554102A3EF7C10025BD94 /* Model.swift */,
				697553E22A3EF2A90025BD94 /* Main.storyboard */,
				6975540C2A3EF5B80025BD94 /* ListTableViewCell.swift */,
				6975540D2A3EF5B80025BD94 /* ListTableViewCell.xib */,
				697553E52A3EF2A90025BD94 /* Assets.xcassets */,
				697553E72A3EF2A90025BD94 /* LaunchScreen.storyboard */,
				697553EA2A3EF2A90025BD94 /* Info.plist */,
			);
			path = "Kadai13-UIKit";
			sourceTree = "<group>";
		};
		697553F22A3EF2A90025BD94 /* Kadai13-UIKitTests */ = {
			isa = PBXGroup;
			children = (
				697553F32A3EF2A90025BD94 /* Kadai13_UIKitTests.swift */,
			);
			path = "Kadai13-UIKitTests";
			sourceTree = "<group>";
		};
		697553FC2A3EF2A90025BD94 /* Kadai13-UIKitUITests */ = {
			isa = PBXGroup;
			children = (
				697553FD2A3EF2A90025BD94 /* Kadai13_UIKitUITests.swift */,
				697553FF2A3EF2A90025BD94 /* Kadai13_UIKitUITestsLaunchTests.swift */,
			);
			path = "Kadai13-UIKitUITests";
			sourceTree = "<group>";
		};
/* End PBXGroup section */

/* Begin PBXNativeTarget section */
		697553D82A3EF2A90025BD94 /* Kadai13-UIKit */ = {
			isa = PBXNativeTarget;
			buildConfigurationList = 697554032A3EF2A90025BD94 /* Build configuration list for PBXNativeTarget "Kadai13-UIKit" */;
			buildPhases = (
				697553D52A3EF2A90025BD94 /* Sources */,
				697553D62A3EF2A90025BD94 /* Frameworks */,
				697553D72A3EF2A90025BD94 /* Resources */,
			);
			buildRules = (
			);
			dependencies = (
			);
			name = "Kadai13-UIKit";
			productName = "Kadai13-UIKit";
			productReference = 697553D92A3EF2A90025BD94 /* Kadai13-UIKit.app */;
			productType = "com.apple.product-type.application";
		};
		697553EE2A3EF2A90025BD94 /* Kadai13-UIKitTests */ = {
			isa = PBXNativeTarget;
			buildConfigurationList = 697554062A3EF2A90025BD94 /* Build configuration list for PBXNativeTarget "Kadai13-UIKitTests" */;
			buildPhases = (
				697553EB2A3EF2A90025BD94 /* Sources */,
				697553EC2A3EF2A90025BD94 /* Frameworks */,
				697553ED2A3EF2A90025BD94 /* Resources */,
			);
			buildRules = (
			);
			dependencies = (
				697553F12A3EF2A90025BD94 /* PBXTargetDependency */,
			);
			name = "Kadai13-UIKitTests";
			productName = "Kadai13-UIKitTests";
			productReference = 697553EF2A3EF2A90025BD94 /* Kadai13-UIKitTests.xctest */;
			productType = "com.apple.product-type.bundle.unit-test";
		};
		697553F82A3EF2A90025BD94 /* Kadai13-UIKitUITests */ = {
			isa = PBXNativeTarget;
			buildConfigurationList = 697554092A3EF2A90025BD94 /* Build configuration list for PBXNativeTarget "Kadai13-UIKitUITests" */;
			buildPhases = (
				697553F52A3EF2A90025BD94 /* Sources */,
				697553F62A3EF2A90025BD94 /* Frameworks */,
				697553F72A3EF2A90025BD94 /* Resources */,
			);
			buildRules = (
			);
			dependencies = (
				697553FB2A3EF2A90025BD94 /* PBXTargetDependency */,
			);
			name = "Kadai13-UIKitUITests";
			productName = "Kadai13-UIKitUITests";
			productReference = 697553F92A3EF2A90025BD94 /* Kadai13-UIKitUITests.xctest */;
			productType = "com.apple.product-type.bundle.ui-testing";
		};
/* End PBXNativeTarget section */

/* Begin PBXProject section */
		697553D12A3EF2A90025BD94 /* Project object */ = {
			isa = PBXProject;
			attributes = {
				BuildIndependentTargetsInParallel = 1;
				LastSwiftUpdateCheck = 1430;
				LastUpgradeCheck = 1430;
				TargetAttributes = {
					697553D82A3EF2A90025BD94 = {
						CreatedOnToolsVersion = 14.3.1;
					};
					697553EE2A3EF2A90025BD94 = {
						CreatedOnToolsVersion = 14.3.1;
						TestTargetID = 697553D82A3EF2A90025BD94;
					};
					697553F82A3EF2A90025BD94 = {
						CreatedOnToolsVersion = 14.3.1;
						TestTargetID = 697553D82A3EF2A90025BD94;
					};
				};
			};
			buildConfigurationList = 697553D42A3EF2A90025BD94 /* Build configuration list for PBXProject "Kadai13-UIKit" */;
			compatibilityVersion = "Xcode 14.0";
			developmentRegion = en;
			hasScannedForEncodings = 0;
			knownRegions = (
				en,
				Base,
			);
			mainGroup = 697553D02A3EF2A90025BD94;
			productRefGroup = 697553DA2A3EF2A90025BD94 /* Products */;
			projectDirPath = "";
			projectRoot = "";
			targets = (
				697553D82A3EF2A90025BD94 /* Kadai13-UIKit */,
				697553EE2A3EF2A90025BD94 /* Kadai13-UIKitTests */,
				697553F82A3EF2A90025BD94 /* Kadai13-UIKitUITests */,
			);
		};
/* End PBXProject section */

/* Begin PBXResourcesBuildPhase section */
		697553D72A3EF2A90025BD94 /* Resources */ = {
			isa = PBXResourcesBuildPhase;
			buildActionMask = 2147483647;
			files = (
				697553E92A3EF2A90025BD94 /* LaunchScreen.storyboard in Resources */,
				6975540F2A3EF5B80025BD94 /* ListTableViewCell.xib in Resources */,
				697553E62A3EF2A90025BD94 /* Assets.xcassets in Resources */,
				697553E42A3EF2A90025BD94 /* Main.storyboard in Resources */,
			);
			runOnlyForDeploymentPostprocessing = 0;
		};
		697553ED2A3EF2A90025BD94 /* Resources */ = {
			isa = PBXResourcesBuildPhase;
			buildActionMask = 2147483647;
			files = (
			);
			runOnlyForDeploymentPostprocessing = 0;
		};
		697553F72A3EF2A90025BD94 /* Resources */ = {
			isa = PBXResourcesBuildPhase;
			buildActionMask = 2147483647;
			files = (
			);
			runOnlyForDeploymentPostprocessing = 0;
		};
/* End PBXResourcesBuildPhase section */

/* Begin PBXSourcesBuildPhase section */
		697553D52A3EF2A90025BD94 /* Sources */ = {
			isa = PBXSourcesBuildPhase;
			buildActionMask = 2147483647;
			files = (
				697554112A3EF7C10025BD94 /* Model.swift in Sources */,
				697553E12A3EF2A90025BD94 /* ViewController.swift in Sources */,
				6975540E2A3EF5B80025BD94 /* ListTableViewCell.swift in Sources */,
				697553DD2A3EF2A90025BD94 /* AppDelegate.swift in Sources */,
				697554132A3EF7F30025BD94 /* ViewModel.swift in Sources */,
				697553DF2A3EF2A90025BD94 /* SceneDelegate.swift in Sources */,
			);
			runOnlyForDeploymentPostprocessing = 0;
		};
		697553EB2A3EF2A90025BD94 /* Sources */ = {
			isa = PBXSourcesBuildPhase;
			buildActionMask = 2147483647;
			files = (
				697553F42A3EF2A90025BD94 /* Kadai13_UIKitTests.swift in Sources */,
			);
			runOnlyForDeploymentPostprocessing = 0;
		};
		697553F52A3EF2A90025BD94 /* Sources */ = {
			isa = PBXSourcesBuildPhase;
			buildActionMask = 2147483647;
			files = (
				697554002A3EF2A90025BD94 /* Kadai13_UIKitUITestsLaunchTests.swift in Sources */,
				697553FE2A3EF2A90025BD94 /* Kadai13_UIKitUITests.swift in Sources */,
			);
			runOnlyForDeploymentPostprocessing = 0;
		};
/* End PBXSourcesBuildPhase section */

/* Begin PBXTargetDependency section */
		697553F12A3EF2A90025BD94 /* PBXTargetDependency */ = {
			isa = PBXTargetDependency;
			target = 697553D82A3EF2A90025BD94 /* Kadai13-UIKit */;
			targetProxy = 697553F02A3EF2A90025BD94 /* PBXContainerItemProxy */;
		};
		697553FB2A3EF2A90025BD94 /* PBXTargetDependency */ = {
			isa = PBXTargetDependency;
			target = 697553D82A3EF2A90025BD94 /* Kadai13-UIKit */;
			targetProxy = 697553FA2A3EF2A90025BD94 /* PBXContainerItemProxy */;
		};
/* End PBXTargetDependency section */

/* Begin PBXVariantGroup section */
		697553E22A3EF2A90025BD94 /* Main.storyboard */ = {
			isa = PBXVariantGroup;
			children = (
				697553E32A3EF2A90025BD94 /* Base */,
			);
			name = Main.storyboard;
			sourceTree = "<group>";
		};
		697553E72A3EF2A90025BD94 /* LaunchScreen.storyboard */ = {
			isa = PBXVariantGroup;
			children = (
				697553E82A3EF2A90025BD94 /* Base */,
			);
			name = LaunchScreen.storyboard;
			sourceTree = "<group>";
		};
/* End PBXVariantGroup section */

/* Begin XCBuildConfiguration section */
		697554012A3EF2A90025BD94 /* Debug */ = {
			isa = XCBuildConfiguration;
			buildSettings = {
				ALWAYS_SEARCH_USER_PATHS = NO;
				CLANG_ANALYZER_NONNULL = YES;
				CLANG_ANALYZER_NUMBER_OBJECT_CONVERSION = YES_AGGRESSIVE;
				CLANG_CXX_LANGUAGE_STANDARD = "gnu++20";
				CLANG_ENABLE_MODULES = YES;
				CLANG_ENABLE_OBJC_ARC = YES;
				CLANG_ENABLE_OBJC_WEAK = YES;
				CLANG_WARN_BLOCK_CAPTURE_AUTORELEASING = YES;
				CLANG_WARN_BOOL_CONVERSION = YES;
				CLANG_WARN_COMMA = YES;
				CLANG_WARN_CONSTANT_CONVERSION = YES;
				CLANG_WARN_DEPRECATED_OBJC_IMPLEMENTATIONS = YES;
				CLANG_WARN_DIRECT_OBJC_ISA_USAGE = YES_ERROR;
				CLANG_WARN_DOCUMENTATION_COMMENTS = YES;
				CLANG_WARN_EMPTY_BODY = YES;
				CLANG_WARN_ENUM_CONVERSION = YES;
				CLANG_WARN_INFINITE_RECURSION = YES;
				CLANG_WARN_INT_CONVERSION = YES;
				CLANG_WARN_NON_LITERAL_NULL_CONVERSION = YES;
				CLANG_WARN_OBJC_IMPLICIT_RETAIN_SELF = YES;
				CLANG_WARN_OBJC_LITERAL_CONVERSION = YES;
				CLANG_WARN_OBJC_ROOT_CLASS = YES_ERROR;
				CLANG_WARN_QUOTED_INCLUDE_IN_FRAMEWORK_HEADER = YES;
				CLANG_WARN_RANGE_LOOP_ANALYSIS = YES;
				CLANG_WARN_STRICT_PROTOTYPES = YES;
				CLANG_WARN_SUSPICIOUS_MOVE = YES;
				CLANG_WARN_UNGUARDED_AVAILABILITY = YES_AGGRESSIVE;
				CLANG_WARN_UNREACHABLE_CODE = YES;
				CLANG_WARN__DUPLICATE_METHOD_MATCH = YES;
				COPY_PHASE_STRIP = NO;
				DEBUG_INFORMATION_FORMAT = dwarf;
				ENABLE_STRICT_OBJC_MSGSEND = YES;
				ENABLE_TESTABILITY = YES;
				GCC_C_LANGUAGE_STANDARD = gnu11;
				GCC_DYNAMIC_NO_PIC = NO;
				GCC_NO_COMMON_BLOCKS = YES;
				GCC_OPTIMIZATION_LEVEL = 0;
				GCC_PREPROCESSOR_DEFINITIONS = (
					"DEBUG=1",
					"$(inherited)",
				);
				GCC_WARN_64_TO_32_BIT_CONVERSION = YES;
				GCC_WARN_ABOUT_RETURN_TYPE = YES_ERROR;
				GCC_WARN_UNDECLARED_SELECTOR = YES;
				GCC_WARN_UNINITIALIZED_AUTOS = YES_AGGRESSIVE;
				GCC_WARN_UNUSED_FUNCTION = YES;
				GCC_WARN_UNUSED_VARIABLE = YES;
				IPHONEOS_DEPLOYMENT_TARGET = 16.4;
				MTL_ENABLE_DEBUG_INFO = INCLUDE_SOURCE;
				MTL_FAST_MATH = YES;
				ONLY_ACTIVE_ARCH = YES;
				SDKROOT = iphoneos;
				SWIFT_ACTIVE_COMPILATION_CONDITIONS = DEBUG;
				SWIFT_OPTIMIZATION_LEVEL = "-Onone";
			};
			name = Debug;
		};
		697554022A3EF2A90025BD94 /* Release */ = {
			isa = XCBuildConfiguration;
			buildSettings = {
				ALWAYS_SEARCH_USER_PATHS = NO;
				CLANG_ANALYZER_NONNULL = YES;
				CLANG_ANALYZER_NUMBER_OBJECT_CONVERSION = YES_AGGRESSIVE;
				CLANG_CXX_LANGUAGE_STANDARD = "gnu++20";
				CLANG_ENABLE_MODULES = YES;
				CLANG_ENABLE_OBJC_ARC = YES;
				CLANG_ENABLE_OBJC_WEAK = YES;
				CLANG_WARN_BLOCK_CAPTURE_AUTORELEASING = YES;
				CLANG_WARN_BOOL_CONVERSION = YES;
				CLANG_WARN_COMMA = YES;
				CLANG_WARN_CONSTANT_CONVERSION = YES;
				CLANG_WARN_DEPRECATED_OBJC_IMPLEMENTATIONS = YES;
				CLANG_WARN_DIRECT_OBJC_ISA_USAGE = YES_ERROR;
				CLANG_WARN_DOCUMENTATION_COMMENTS = YES;
				CLANG_WARN_EMPTY_BODY = YES;
				CLANG_WARN_ENUM_CONVERSION = YES;
				CLANG_WARN_INFINITE_RECURSION = YES;
				CLANG_WARN_INT_CONVERSION = YES;
				CLANG_WARN_NON_LITERAL_NULL_CONVERSION = YES;
				CLANG_WARN_OBJC_IMPLICIT_RETAIN_SELF = YES;
				CLANG_WARN_OBJC_LITERAL_CONVERSION = YES;
				CLANG_WARN_OBJC_ROOT_CLASS = YES_ERROR;
				CLANG_WARN_QUOTED_INCLUDE_IN_FRAMEWORK_HEADER = YES;
				CLANG_WARN_RANGE_LOOP_ANALYSIS = YES;
				CLANG_WARN_STRICT_PROTOTYPES = YES;
				CLANG_WARN_SUSPICIOUS_MOVE = YES;
				CLANG_WARN_UNGUARDED_AVAILABILITY = YES_AGGRESSIVE;
				CLANG_WARN_UNREACHABLE_CODE = YES;
				CLANG_WARN__DUPLICATE_METHOD_MATCH = YES;
				COPY_PHASE_STRIP = NO;
				DEBUG_INFORMATION_FORMAT = "dwarf-with-dsym";
				ENABLE_NS_ASSERTIONS = NO;
				ENABLE_STRICT_OBJC_MSGSEND = YES;
				GCC_C_LANGUAGE_STANDARD = gnu11;
				GCC_NO_COMMON_BLOCKS = YES;
				GCC_WARN_64_TO_32_BIT_CONVERSION = YES;
				GCC_WARN_ABOUT_RETURN_TYPE = YES_ERROR;
				GCC_WARN_UNDECLARED_SELECTOR = YES;
				GCC_WARN_UNINITIALIZED_AUTOS = YES_AGGRESSIVE;
				GCC_WARN_UNUSED_FUNCTION = YES;
				GCC_WARN_UNUSED_VARIABLE = YES;
				IPHONEOS_DEPLOYMENT_TARGET = 16.4;
				MTL_ENABLE_DEBUG_INFO = NO;
				MTL_FAST_MATH = YES;
				SDKROOT = iphoneos;
				SWIFT_COMPILATION_MODE = wholemodule;
				SWIFT_OPTIMIZATION_LEVEL = "-O";
				VALIDATE_PRODUCT = YES;
			};
			name = Release;
		};
		697554042A3EF2A90025BD94 /* Debug */ = {
			isa = XCBuildConfiguration;
			buildSettings = {
				ASSETCATALOG_COMPILER_APPICON_NAME = AppIcon;
				ASSETCATALOG_COMPILER_GLOBAL_ACCENT_COLOR_NAME = AccentColor;
				CODE_SIGN_STYLE = Automatic;
				CURRENT_PROJECT_VERSION = 1;
				DEVELOPMENT_TEAM = 6NMWZ48XL4;
				GENERATE_INFOPLIST_FILE = YES;
				INFOPLIST_FILE = "Kadai13-UIKit/Info.plist";
				INFOPLIST_KEY_UIApplicationSupportsIndirectInputEvents = YES;
				INFOPLIST_KEY_UILaunchStoryboardName = LaunchScreen;
				INFOPLIST_KEY_UIMainStoryboardFile = Main;
				INFOPLIST_KEY_UISupportedInterfaceOrientations_iPad = "UIInterfaceOrientationPortrait UIInterfaceOrientationPortraitUpsideDown UIInterfaceOrientationLandscapeLeft UIInterfaceOrientationLandscapeRight";
				INFOPLIST_KEY_UISupportedInterfaceOrientations_iPhone = "UIInterfaceOrientationPortrait UIInterfaceOrientationLandscapeLeft UIInterfaceOrientationLandscapeRight";
				LD_RUNPATH_SEARCH_PATHS = (
					"$(inherited)",
					"@executable_path/Frameworks",
				);
				MARKETING_VERSION = 1.0;
				PRODUCT_BUNDLE_IDENTIFIER = "com.sako.Kadai13-UIKit";
				PRODUCT_NAME = "$(TARGET_NAME)";
				SWIFT_EMIT_LOC_STRINGS = YES;
				SWIFT_VERSION = 5.0;
				TARGETED_DEVICE_FAMILY = "1,2";
			};
			name = Debug;
		};
		697554052A3EF2A90025BD94 /* Release */ = {
			isa = XCBuildConfiguration;
			buildSettings = {
				ASSETCATALOG_COMPILER_APPICON_NAME = AppIcon;
				ASSETCATALOG_COMPILER_GLOBAL_ACCENT_COLOR_NAME = AccentColor;
				CODE_SIGN_STYLE = Automatic;
				CURRENT_PROJECT_VERSION = 1;
				DEVELOPMENT_TEAM = 6NMWZ48XL4;
				GENERATE_INFOPLIST_FILE = YES;
				INFOPLIST_FILE = "Kadai13-UIKit/Info.plist";
				INFOPLIST_KEY_UIApplicationSupportsIndirectInputEvents = YES;
				INFOPLIST_KEY_UILaunchStoryboardName = LaunchScreen;
				INFOPLIST_KEY_UIMainStoryboardFile = Main;
				INFOPLIST_KEY_UISupportedInterfaceOrientations_iPad = "UIInterfaceOrientationPortrait UIInterfaceOrientationPortraitUpsideDown UIInterfaceOrientationLandscapeLeft UIInterfaceOrientationLandscapeRight";
				INFOPLIST_KEY_UISupportedInterfaceOrientations_iPhone = "UIInterfaceOrientationPortrait UIInterfaceOrientationLandscapeLeft UIInterfaceOrientationLandscapeRight";
				LD_RUNPATH_SEARCH_PATHS = (
					"$(inherited)",
					"@executable_path/Frameworks",
				);
				MARKETING_VERSION = 1.0;
				PRODUCT_BUNDLE_IDENTIFIER = "com.sako.Kadai13-UIKit";
				PRODUCT_NAME = "$(TARGET_NAME)";
				SWIFT_EMIT_LOC_STRINGS = YES;
				SWIFT_VERSION = 5.0;
				TARGETED_DEVICE_FAMILY = "1,2";
			};
			name = Release;
		};
		697554072A3EF2A90025BD94 /* Debug */ = {
			isa = XCBuildConfiguration;
			buildSettings = {
				ALWAYS_EMBED_SWIFT_STANDARD_LIBRARIES = YES;
				BUNDLE_LOADER = "$(TEST_HOST)";
				CODE_SIGN_STYLE = Automatic;
				CURRENT_PROJECT_VERSION = 1;
				DEVELOPMENT_TEAM = 6NMWZ48XL4;
				GENERATE_INFOPLIST_FILE = YES;
				IPHONEOS_DEPLOYMENT_TARGET = 16.4;
				MARKETING_VERSION = 1.0;
				PRODUCT_BUNDLE_IDENTIFIER = "com.sako.Kadai13-UIKitTests";
				PRODUCT_NAME = "$(TARGET_NAME)";
				SWIFT_EMIT_LOC_STRINGS = NO;
				SWIFT_VERSION = 5.0;
				TARGETED_DEVICE_FAMILY = "1,2";
				TEST_HOST = "$(BUILT_PRODUCTS_DIR)/Kadai13-UIKit.app/$(BUNDLE_EXECUTABLE_FOLDER_PATH)/Kadai13-UIKit";
			};
			name = Debug;
		};
		697554082A3EF2A90025BD94 /* Release */ = {
			isa = XCBuildConfiguration;
			buildSettings = {
				ALWAYS_EMBED_SWIFT_STANDARD_LIBRARIES = YES;
				BUNDLE_LOADER = "$(TEST_HOST)";
				CODE_SIGN_STYLE = Automatic;
				CURRENT_PROJECT_VERSION = 1;
				DEVELOPMENT_TEAM = 6NMWZ48XL4;
				GENERATE_INFOPLIST_FILE = YES;
				IPHONEOS_DEPLOYMENT_TARGET = 16.4;
				MARKETING_VERSION = 1.0;
				PRODUCT_BUNDLE_IDENTIFIER = "com.sako.Kadai13-UIKitTests";
				PRODUCT_NAME = "$(TARGET_NAME)";
				SWIFT_EMIT_LOC_STRINGS = NO;
				SWIFT_VERSION = 5.0;
				TARGETED_DEVICE_FAMILY = "1,2";
				TEST_HOST = "$(BUILT_PRODUCTS_DIR)/Kadai13-UIKit.app/$(BUNDLE_EXECUTABLE_FOLDER_PATH)/Kadai13-UIKit";
			};
			name = Release;
		};
		6975540A2A3EF2A90025BD94 /* Debug */ = {
			isa = XCBuildConfiguration;
			buildSettings = {
				ALWAYS_EMBED_SWIFT_STANDARD_LIBRARIES = YES;
				CODE_SIGN_STYLE = Automatic;
				CURRENT_PROJECT_VERSION = 1;
				DEVELOPMENT_TEAM = 6NMWZ48XL4;
				GENERATE_INFOPLIST_FILE = YES;
				MARKETING_VERSION = 1.0;
				PRODUCT_BUNDLE_IDENTIFIER = "com.sako.Kadai13-UIKitUITests";
				PRODUCT_NAME = "$(TARGET_NAME)";
				SWIFT_EMIT_LOC_STRINGS = NO;
				SWIFT_VERSION = 5.0;
				TARGETED_DEVICE_FAMILY = "1,2";
				TEST_TARGET_NAME = "Kadai13-UIKit";
			};
			name = Debug;
		};
		6975540B2A3EF2A90025BD94 /* Release */ = {
			isa = XCBuildConfiguration;
			buildSettings = {
				ALWAYS_EMBED_SWIFT_STANDARD_LIBRARIES = YES;
				CODE_SIGN_STYLE = Automatic;
				CURRENT_PROJECT_VERSION = 1;
				DEVELOPMENT_TEAM = 6NMWZ48XL4;
				GENERATE_INFOPLIST_FILE = YES;
				MARKETING_VERSION = 1.0;
				PRODUCT_BUNDLE_IDENTIFIER = "com.sako.Kadai13-UIKitUITests";
				PRODUCT_NAME = "$(TARGET_NAME)";
				SWIFT_EMIT_LOC_STRINGS = NO;
				SWIFT_VERSION = 5.0;
				TARGETED_DEVICE_FAMILY = "1,2";
				TEST_TARGET_NAME = "Kadai13-UIKit";
			};
			name = Release;
		};
/* End XCBuildConfiguration section */

/* Begin XCConfigurationList section */
		697553D42A3EF2A90025BD94 /* Build configuration list for PBXProject "Kadai13-UIKit" */ = {
			isa = XCConfigurationList;
			buildConfigurations = (
				697554012A3EF2A90025BD94 /* Debug */,
				697554022A3EF2A90025BD94 /* Release */,
			);
			defaultConfigurationIsVisible = 0;
			defaultConfigurationName = Release;
		};
		697554032A3EF2A90025BD94 /* Build configuration list for PBXNativeTarget "Kadai13-UIKit" */ = {
			isa = XCConfigurationList;
			buildConfigurations = (
				697554042A3EF2A90025BD94 /* Debug */,
				697554052A3EF2A90025BD94 /* Release */,
			);
			defaultConfigurationIsVisible = 0;
			defaultConfigurationName = Release;
		};
		697554062A3EF2A90025BD94 /* Build configuration list for PBXNativeTarget "Kadai13-UIKitTests" */ = {
			isa = XCConfigurationList;
			buildConfigurations = (
				697554072A3EF2A90025BD94 /* Debug */,
				697554082A3EF2A90025BD94 /* Release */,
			);
			defaultConfigurationIsVisible = 0;
			defaultConfigurationName = Release;
		};
		697554092A3EF2A90025BD94 /* Build configuration list for PBXNativeTarget "Kadai13-UIKitUITests" */ = {
			isa = XCConfigurationList;
			buildConfigurations = (
				6975540A2A3EF2A90025BD94 /* Debug */,
				6975540B2A3EF2A90025BD94 /* Release */,
			);
			defaultConfigurationIsVisible = 0;
			defaultConfigurationName = Release;
		};
/* End XCConfigurationList section */
	};
	rootObject = 697553D12A3EF2A90025BD94 /* Project object */;
}
